
Microsoft Visual Studio Solution File, Format Version 11.00
# Visual Studio 2010
Project("{FAE04EC0-301F-11D3-BF4B-00C04F79EFBC}") = "vita_speed_test", "vita_speed_test\vita_speed_test.csproj", "{896596BD-F267-493A-B8BA-87A61B0804E3}"
EndProject
Global
	GlobalSection(SolutionConfigurationPlatforms) = preSolution
		Debug|Any CPU = Debug|Any CPU
		Release|Any CPU = Release|Any CPU
	EndGlobalSection
	GlobalSection(ProjectConfigurationPlatforms) = postSolution
		{896596BD-F267-493A-B8BA-87A61B0804E3}.Debug|Any CPU.ActiveCfg = Debug|Any CPU
		{896596BD-F267-493A-B8BA-87A61B0804E3}.Debug|Any CPU.Build.0 = Debug|Any CPU
		{896596BD-F267-493A-B8BA-87A61B0804E3}.Release|Any CPU.ActiveCfg = Release|Any CPU
		{896596BD-F267-493A-B8BA-87A61B0804E3}.Release|Any CPU.Build.0 = Release|Any CPU
	EndGlobalSection
	GlobalSection(MonoDevelopProperties) = preSolution
		StartupItem = vita_speed_test\vita_speed_test.csproj
	EndGlobalSection
EndGlobal
